{
  "name": "REACT",
  "lockfileVersion": 2,
  "requires": true,
  "packages": {
    "": {
      "dependencies": {
        "style": "^0.0.3"
      }
    },
    "node_modules/style": {
      "version": "0.0.3",
      "resolved": "https://registry.npmjs.org/style/-/style-0.0.3.tgz",
      "integrity": "sha512-HDhQ0NTbt7xR9jj9b5zWTelA9iHbg8PtdarlceLzMMQ2gEZjd/Rpmd8PJzkxey5q/fC0cwFKJ18BmW9KGmRTcA==",
      "engines": {
        "node": ">=0.2.0"
      }
    }
  },
  "dependencies": {
    "style": {
      "version": "0.0.3",
      "resolved": "https://registry.npmjs.org/style/-/style-0.0.3.tgz",
      "integrity": "sha512-HDhQ0NTbt7xR9jj9b5zWTelA9iHbg8PtdarlceLzMMQ2gEZjd/Rpmd8PJzkxey5q/fC0cwFKJ18BmW9KGmRTcA=="
    }
  }
}
